{
  "originHash" : "9d885810a38074b1844b6875d791eb6fa5eb03f32e8b071be03d8fbb1ca3c552",
  "pins" : [
    {
      "identity" : "dbscan",
      "kind" : "remoteSourceControl",
      "location" : "https://github.com/NSHipster/DBSCAN",
      "state" : {
        "revision" : "785f9dde344ead54132fed58611a35fec1fe82e5",
        "version" : "0.0.2"
      }
    },
    {
      "identity" : "swiftlintplugin",
      "kind" : "remoteSourceControl",
      "location" : "https://github.com/tomhoag/SwiftLintPlugin.git",
      "state" : {
        "branch" : "main",
        "revision" : "80884c0f1b2f7804ec5bc9c2265b6bdfbcaca7db"
      }
    }
  ],
  "version" : 3
}
