{
  "originHash" : "a1b84eecad65e17e8221e93ba1b51c80bcae548e761813fe9cb0d96843e7ae7e",
  "pins" : [
    {
      "identity" : "dbscan",
      "kind" : "remoteSourceControl",
      "location" : "https://github.com/NSHipster/DBSCAN",
      "state" : {
        "revision" : "785f9dde344ead54132fed58611a35fec1fe82e5",
        "version" : "0.0.2"
      }
    }
  ],
  "version" : 3
}
